
Microsoft Visual Studio Solution File, Format Version 12.00
# Visual Studio Version 16
VisualStudioVersion = 16.0.30503.244
MinimumVisualStudioVersion = 10.0.40219.1
Project("{FAE04EC0-301F-11D3-BF4B-00C04F79EFBC}") = "Asab_Sanj", "Asab_Sanj\Asab_Sanj.csproj", "{C794DC6C-8672-4C8A-8373-9CE7565D0573}"
EndProject
Global
	GlobalSection(SolutionConfigurationPlatforms) = preSolution
		Debug|Any CPU = Debug|Any CPU
		Release|Any CPU = Release|Any CPU
	EndGlobalSection
	GlobalSection(ProjectConfigurationPlatforms) = postSolution
		{C794DC6C-8672-4C8A-8373-9CE7565D0573}.Debug|Any CPU.ActiveCfg = Debug|Any CPU
		{C794DC6C-8672-4C8A-8373-9CE7565D0573}.Debug|Any CPU.Build.0 = Debug|Any CPU
		{C794DC6C-8672-4C8A-8373-9CE7565D0573}.Release|Any CPU.ActiveCfg = Release|Any CPU
		{C794DC6C-8672-4C8A-8373-9CE7565D0573}.Release|Any CPU.Build.0 = Release|Any CPU
	EndGlobalSection
	GlobalSection(SolutionProperties) = preSolution
		HideSolutionNode = FALSE
	EndGlobalSection
	GlobalSection(ExtensibilityGlobals) = postSolution
		SolutionGuid = {3CA5B047-10A1-458E-83EF-BB20030EFD35}
	EndGlobalSection
EndGlobal
